
Microsoft Visual Studio Solution File, Format Version 12.00
# Visual Studio 15
VisualStudioVersion = 15.0.27703.2026
MinimumVisualStudioVersion = 10.0.40219.1
Project("{FAE04EC0-301F-11D3-BF4B-00C04F79EFBC}") = "Bonus1", "Bonus1\Bonus1.csproj", "{9F63C8A9-7706-4649-A913-AEB75F4A6245}"
EndProject
Global
	GlobalSection(SolutionConfigurationPlatforms) = preSolution
		Debug|Any CPU = Debug|Any CPU
		Release|Any CPU = Release|Any CPU
	EndGlobalSection
	GlobalSection(ProjectConfigurationPlatforms) = postSolution
		{9F63C8A9-7706-4649-A913-AEB75F4A6245}.Debug|Any CPU.ActiveCfg = Debug|Any CPU
		{9F63C8A9-7706-4649-A913-AEB75F4A6245}.Debug|Any CPU.Build.0 = Debug|Any CPU
		{9F63C8A9-7706-4649-A913-AEB75F4A6245}.Release|Any CPU.ActiveCfg = Release|Any CPU
		{9F63C8A9-7706-4649-A913-AEB75F4A6245}.Release|Any CPU.Build.0 = Release|Any CPU
	EndGlobalSection
	GlobalSection(SolutionProperties) = preSolution
		HideSolutionNode = FALSE
	EndGlobalSection
	GlobalSection(ExtensibilityGlobals) = postSolution
		SolutionGuid = {55912DD1-380F-47D9-8069-7EA9D6BFE5B4}
	EndGlobalSection
EndGlobal
